
Microsoft Visual Studio Solution File, Format Version 12.00
# Visual Studio Version 17
VisualStudioVersion = 17.6.33801.468
MinimumVisualStudioVersion = 10.0.40219.1
Project("{9A19103F-16F7-4668-BE54-9A1E7A4F7556}") = "Long.Kernel", "src\Long.Kernel\Long.Kernel.csproj", "{D47E8B07-C55B-44DC-9B91-F954BCE86BC5}"
EndProject
Project("{2150E333-8FDC-42A3-9474-1A3956D46DE8}") = "src", "src", "{228CF80E-31FE-4804-AD39-D3A47557C0FE}"
EndProject
Project("{9A19103F-16F7-4668-BE54-9A1E7A4F7556}") = "Long.Network", "src\Long.Network\Long.Network.csproj", "{F15BFD0E-A0F6-4757-BBCC-0DA169E55F21}"
	ProjectSection(ProjectDependencies) = postProject
		{9FB53493-C805-4C66-B67D-EB8A0E682349} = {9FB53493-C805-4C66-B67D-EB8A0E682349}
	EndProjectSection
EndProject
Project("{9A19103F-16F7-4668-BE54-9A1E7A4F7556}") = "Long.Shared", "src\Long.Shared\Long.Shared.csproj", "{9FB53493-C805-4C66-B67D-EB8A0E682349}"
EndProject
Project("{2150E333-8FDC-42A3-9474-1A3956D46DE8}") = "modules", "modules", "{C9DC329E-B4ED-48EC-9226-7A588613146E}"
EndProject
Project("{9A19103F-16F7-4668-BE54-9A1E7A4F7556}") = "Long.Module.Peerage", "src\modules\Long.Module.Nobility\Long.Module.Peerage.csproj", "{51143FB5-1C1A-4C84-8757-1AAA25B2BD3D}"
EndProject
Project("{9A19103F-16F7-4668-BE54-9A1E7A4F7556}") = "Long.Game", "src\Long.Game\Long.Game.csproj", "{3080B028-1C0E-4422-99C6-4F43329E511F}"
EndProject
Project("{9A19103F-16F7-4668-BE54-9A1E7A4F7556}") = "Long.World", "src\Long.World\Long.World.csproj", "{B9501A8F-C9CB-4745-AC34-560736E68DCA}"
EndProject
Project("{9A19103F-16F7-4668-BE54-9A1E7A4F7556}") = "Long.Database", "src\Long.Database\Long.Database.csproj", "{0D0B7DF9-61CB-4628-AD31-3192AE6512A1}"
EndProject
Project("{9A19103F-16F7-4668-BE54-9A1E7A4F7556}") = "Long.Login", "src\Long.Login\Long.Login.csproj", "{4554C528-60CF-4EB0-84B2-E7F6C1FB0702}"
EndProject
Project("{9A19103F-16F7-4668-BE54-9A1E7A4F7556}") = "Long.Module.Flower", "src\modules\Long.Module.Flower\Long.Module.Flower.csproj", "{C391416B-5CA9-41A9-B11B-5F33D5BF1B0A}"
EndProject
Project("{9A19103F-16F7-4668-BE54-9A1E7A4F7556}") = "Long.Module.Rank", "src\modules\Long.Module.Rank\Long.Module.Rank.csproj", "{5F428F2E-466A-4FC4-B92F-3904DCF5464E}"
EndProject
Project("{9A19103F-16F7-4668-BE54-9A1E7A4F7556}") = "Long.Module.TaskDetail", "src\modules\Long.Module.TaskDetail\Long.Module.TaskDetail.csproj", "{1361061C-3993-45F8-90D3-6742FAD195FB}"
EndProject
Project("{9A19103F-16F7-4668-BE54-9A1E7A4F7556}") = "Long.Module.Team", "src\modules\Long.Module.Team\Long.Module.Team.csproj", "{45B16154-4C18-4DA5-9F06-B6783DA5AE2D}"
EndProject
Project("{9A19103F-16F7-4668-BE54-9A1E7A4F7556}") = "Long.Module.Relation", "src\modules\Long.Module.Relation\Long.Module.Relation.csproj", "{738F5A9C-7583-4641-A7D5-F1BA5AA62A54}"
EndProject
Project("{9A19103F-16F7-4668-BE54-9A1E7A4F7556}") = "Long.Module.Trade", "src\modules\Long.Module.Trade\Long.Module.Trade.csproj", "{13943B61-E4A6-482F-B03E-7CF5A7361186}"
EndProject
Project("{9A19103F-16F7-4668-BE54-9A1E7A4F7556}") = "Long.Module.Booth", "src\modules\Long.Module.Booth\Long.Module.Booth.csproj", "{B3E8736A-737F-40E4-A44E-2B28207689D2}"
EndProject
Project("{9A19103F-16F7-4668-BE54-9A1E7A4F7556}") = "Long.Module.Competion", "src\modules\Long.Module.Competion\Long.Module.Competion.csproj", "{EE183079-DA13-4D09-94F8-93F0BA530A30}"
EndProject
Project("{9A19103F-16F7-4668-BE54-9A1E7A4F7556}") = "Long.Module.Family", "src\modules\Long.Module.Family\Long.Module.Family.csproj", "{9E631777-A431-4A94-A10E-437E041959BC}"
EndProject
Project("{9A19103F-16F7-4668-BE54-9A1E7A4F7556}") = "Long.Module.Syndicate", "src\modules\Long.Module.Syndicate\Long.Module.Syndicate.csproj", "{A7F58D60-C3B0-4A72-BBC7-0EB9459A7E99}"
EndProject
Project("{9A19103F-16F7-4668-BE54-9A1E7A4F7556}") = "Long.Module.Totem", "src\modules\Long.Module.Totem\Long.Module.Totem.csproj", "{13C32E42-8449-4220-A265-46D555C5D07E}"
EndProject
Project("{9A19103F-16F7-4668-BE54-9A1E7A4F7556}") = "Long.Module.Pigeon", "src\modules\Long.Module.Pigeon\Long.Module.Pigeon.csproj", "{A8BFB6A4-B797-4478-837D-35DAA9A45400}"
EndProject
Project("{9A19103F-16F7-4668-BE54-9A1E7A4F7556}") = "Long.Module.Guide", "src\modules\Long.Module.Guide\Long.Module.Guide.csproj", "{833E1330-6F26-40BC-8BC8-684C85668F27}"
EndProject
Project("{9A19103F-16F7-4668-BE54-9A1E7A4F7556}") = "Long.Module.AstProf", "src\modules\Long.Module.AstProf\Long.Module.AstProf.csproj", "{389E6665-D387-4C3B-9067-26CEBEA71902}"
EndProject
Project("{9A19103F-16F7-4668-BE54-9A1E7A4F7556}") = "Long.Module.Fate", "src\modules\Long.Module.Fate\Long.Module.Fate.csproj", "{D16A6D80-DAAC-4A7C-9C8E-32B97A89E5E8}"
EndProject
Project("{9A19103F-16F7-4668-BE54-9A1E7A4F7556}") = "Long.Module.JiangHu", "src\modules\Long.Module.JiangHu\Long.Module.JiangHu.csproj", "{94412346-4E70-40F3-9A3D-FE1619E65F5F}"
EndProject
Project("{2150E333-8FDC-42A3-9474-1A3956D46DE8}") = "Itens de Solução", "Itens de Solução", "{5E84AB64-8772-409A-84E1-A2B6F928F058}"
	ProjectSection(SolutionItems) = preProject
		.gitignore = .gitignore
		.gitlab-ci.yml = .gitlab-ci.yml
		CHANGELOG.md = CHANGELOG.md
		CROSS_REALM.md = CROSS_REALM.md
		README.md = README.md
		sonar-project.properties = sonar-project.properties
	EndProjectSection
EndProject
Project("{9A19103F-16F7-4668-BE54-9A1E7A4F7556}") = "Long.Module.NeiGong", "src\modules\Long.Module.NeiGong\Long.Module.NeiGong.csproj", "{DE89D0B1-78EF-48BC-9766-D68745072386}"
EndProject
Project("{9A19103F-16F7-4668-BE54-9A1E7A4F7556}") = "Long.Realm", "src\Long.Realm\Long.Realm.csproj", "{34E4B399-3137-48D6-B146-51532FA8C1A3}"
EndProject
Project("{9A19103F-16F7-4668-BE54-9A1E7A4F7556}") = "Long.Ai", "src\Long.Ai\Long.Ai.csproj", "{22FDC04B-80D4-4CD1-B9AC-43C653EA7B6B}"
EndProject
Project("{9A19103F-16F7-4668-BE54-9A1E7A4F7556}") = "Long.Module.Qualifying", "src\modules\Long.Module.Qualifying\Long.Module.Qualifying.csproj", "{6ADB684E-D437-44A6-B6F0-B0211A5014DA}"
EndProject
Global
	GlobalSection(SolutionConfigurationPlatforms) = preSolution
		Debug|Any CPU = Debug|Any CPU
		Debug|ARM64 = Debug|ARM64
		Debug|x64 = Debug|x64
		Debug|x86 = Debug|x86
		Release|Any CPU = Release|Any CPU
		Release|ARM64 = Release|ARM64
		Release|x64 = Release|x64
		Release|x86 = Release|x86
	EndGlobalSection
	GlobalSection(ProjectConfigurationPlatforms) = postSolution
		{D47E8B07-C55B-44DC-9B91-F954BCE86BC5}.Debug|Any CPU.ActiveCfg = Debug|Any CPU
		{D47E8B07-C55B-44DC-9B91-F954BCE86BC5}.Debug|Any CPU.Build.0 = Debug|Any CPU
		{D47E8B07-C55B-44DC-9B91-F954BCE86BC5}.Debug|ARM64.ActiveCfg = Debug|Any CPU
		{D47E8B07-C55B-44DC-9B91-F954BCE86BC5}.Debug|ARM64.Build.0 = Debug|Any CPU
		{D47E8B07-C55B-44DC-9B91-F954BCE86BC5}.Debug|x64.ActiveCfg = Debug|Any CPU
		{D47E8B07-C55B-44DC-9B91-F954BCE86BC5}.Debug|x64.Build.0 = Debug|Any CPU
		{D47E8B07-C55B-44DC-9B91-F954BCE86BC5}.Debug|x86.ActiveCfg = Debug|Any CPU
		{D47E8B07-C55B-44DC-9B91-F954BCE86BC5}.Debug|x86.Build.0 = Debug|Any CPU
		{D47E8B07-C55B-44DC-9B91-F954BCE86BC5}.Release|Any CPU.ActiveCfg = Release|Any CPU
		{D47E8B07-C55B-44DC-9B91-F954BCE86BC5}.Release|Any CPU.Build.0 = Release|Any CPU
		{D47E8B07-C55B-44DC-9B91-F954BCE86BC5}.Release|ARM64.ActiveCfg = Release|Any CPU
		{D47E8B07-C55B-44DC-9B91-F954BCE86BC5}.Release|ARM64.Build.0 = Release|Any CPU
		{D47E8B07-C55B-44DC-9B91-F954BCE86BC5}.Release|x64.ActiveCfg = Release|Any CPU
		{D47E8B07-C55B-44DC-9B91-F954BCE86BC5}.Release|x64.Build.0 = Release|Any CPU
		{D47E8B07-C55B-44DC-9B91-F954BCE86BC5}.Release|x86.ActiveCfg = Release|Any CPU
		{D47E8B07-C55B-44DC-9B91-F954BCE86BC5}.Release|x86.Build.0 = Release|Any CPU
		{F15BFD0E-A0F6-4757-BBCC-0DA169E55F21}.Debug|Any CPU.ActiveCfg = Debug|Any CPU
		{F15BFD0E-A0F6-4757-BBCC-0DA169E55F21}.Debug|Any CPU.Build.0 = Debug|Any CPU
		{F15BFD0E-A0F6-4757-BBCC-0DA169E55F21}.Debug|ARM64.ActiveCfg = Debug|Any CPU
		{F15BFD0E-A0F6-4757-BBCC-0DA169E55F21}.Debug|ARM64.Build.0 = Debug|Any CPU
		{F15BFD0E-A0F6-4757-BBCC-0DA169E55F21}.Debug|x64.ActiveCfg = Debug|Any CPU
		{F15BFD0E-A0F6-4757-BBCC-0DA169E55F21}.Debug|x64.Build.0 = Debug|Any CPU
		{F15BFD0E-A0F6-4757-BBCC-0DA169E55F21}.Debug|x86.ActiveCfg = Debug|Any CPU
		{F15BFD0E-A0F6-4757-BBCC-0DA169E55F21}.Debug|x86.Build.0 = Debug|Any CPU
		{F15BFD0E-A0F6-4757-BBCC-0DA169E55F21}.Release|Any CPU.ActiveCfg = Release|Any CPU
		{F15BFD0E-A0F6-4757-BBCC-0DA169E55F21}.Release|Any CPU.Build.0 = Release|Any CPU
		{F15BFD0E-A0F6-4757-BBCC-0DA169E55F21}.Release|ARM64.ActiveCfg = Release|Any CPU
		{F15BFD0E-A0F6-4757-BBCC-0DA169E55F21}.Release|ARM64.Build.0 = Release|Any CPU
		{F15BFD0E-A0F6-4757-BBCC-0DA169E55F21}.Release|x64.ActiveCfg = Release|Any CPU
		{F15BFD0E-A0F6-4757-BBCC-0DA169E55F21}.Release|x64.Build.0 = Release|Any CPU
		{F15BFD0E-A0F6-4757-BBCC-0DA169E55F21}.Release|x86.ActiveCfg = Release|Any CPU
		{F15BFD0E-A0F6-4757-BBCC-0DA169E55F21}.Release|x86.Build.0 = Release|Any CPU
		{9FB53493-C805-4C66-B67D-EB8A0E682349}.Debug|Any CPU.ActiveCfg = Debug|Any CPU
		{9FB53493-C805-4C66-B67D-EB8A0E682349}.Debug|Any CPU.Build.0 = Debug|Any CPU
		{9FB53493-C805-4C66-B67D-EB8A0E682349}.Debug|ARM64.ActiveCfg = Debug|Any CPU
		{9FB53493-C805-4C66-B67D-EB8A0E682349}.Debug|ARM64.Build.0 = Debug|Any CPU
		{9FB53493-C805-4C66-B67D-EB8A0E682349}.Debug|x64.ActiveCfg = Debug|Any CPU
		{9FB53493-C805-4C66-B67D-EB8A0E682349}.Debug|x64.Build.0 = Debug|Any CPU
		{9FB53493-C805-4C66-B67D-EB8A0E682349}.Debug|x86.ActiveCfg = Debug|Any CPU
		{9FB53493-C805-4C66-B67D-EB8A0E682349}.Debug|x86.Build.0 = Debug|Any CPU
		{9FB53493-C805-4C66-B67D-EB8A0E682349}.Release|Any CPU.ActiveCfg = Release|Any CPU
		{9FB53493-C805-4C66-B67D-EB8A0E682349}.Release|Any CPU.Build.0 = Release|Any CPU
		{9FB53493-C805-4C66-B67D-EB8A0E682349}.Release|ARM64.ActiveCfg = Release|Any CPU
		{9FB53493-C805-4C66-B67D-EB8A0E682349}.Release|ARM64.Build.0 = Release|Any CPU
		{9FB53493-C805-4C66-B67D-EB8A0E682349}.Release|x64.ActiveCfg = Release|Any CPU
		{9FB53493-C805-4C66-B67D-EB8A0E682349}.Release|x64.Build.0 = Release|Any CPU
		{9FB53493-C805-4C66-B67D-EB8A0E682349}.Release|x86.ActiveCfg = Release|Any CPU
		{9FB53493-C805-4C66-B67D-EB8A0E682349}.Release|x86.Build.0 = Release|Any CPU
		{51143FB5-1C1A-4C84-8757-1AAA25B2BD3D}.Debug|Any CPU.ActiveCfg = Debug|Any CPU
		{51143FB5-1C1A-4C84-8757-1AAA25B2BD3D}.Debug|Any CPU.Build.0 = Debug|Any CPU
		{51143FB5-1C1A-4C84-8757-1AAA25B2BD3D}.Debug|ARM64.ActiveCfg = Debug|Any CPU
		{51143FB5-1C1A-4C84-8757-1AAA25B2BD3D}.Debug|ARM64.Build.0 = Debug|Any CPU
		{51143FB5-1C1A-4C84-8757-1AAA25B2BD3D}.Debug|x64.ActiveCfg = Debug|Any CPU
		{51143FB5-1C1A-4C84-8757-1AAA25B2BD3D}.Debug|x64.Build.0 = Debug|Any CPU
		{51143FB5-1C1A-4C84-8757-1AAA25B2BD3D}.Debug|x86.ActiveCfg = Debug|Any CPU
		{51143FB5-1C1A-4C84-8757-1AAA25B2BD3D}.Debug|x86.Build.0 = Debug|Any CPU
		{51143FB5-1C1A-4C84-8757-1AAA25B2BD3D}.Release|Any CPU.ActiveCfg = Release|Any CPU
		{51143FB5-1C1A-4C84-8757-1AAA25B2BD3D}.Release|Any CPU.Build.0 = Release|Any CPU
		{51143FB5-1C1A-4C84-8757-1AAA25B2BD3D}.Release|ARM64.ActiveCfg = Release|Any CPU
		{51143FB5-1C1A-4C84-8757-1AAA25B2BD3D}.Release|ARM64.Build.0 = Release|Any CPU
		{51143FB5-1C1A-4C84-8757-1AAA25B2BD3D}.Release|x64.ActiveCfg = Release|Any CPU
		{51143FB5-1C1A-4C84-8757-1AAA25B2BD3D}.Release|x64.Build.0 = Release|Any CPU
		{51143FB5-1C1A-4C84-8757-1AAA25B2BD3D}.Release|x86.ActiveCfg = Release|Any CPU
		{51143FB5-1C1A-4C84-8757-1AAA25B2BD3D}.Release|x86.Build.0 = Release|Any CPU
		{3080B028-1C0E-4422-99C6-4F43329E511F}.Debug|Any CPU.ActiveCfg = Debug|Any CPU
		{3080B028-1C0E-4422-99C6-4F43329E511F}.Debug|Any CPU.Build.0 = Debug|Any CPU
		{3080B028-1C0E-4422-99C6-4F43329E511F}.Debug|ARM64.ActiveCfg = Debug|Any CPU
		{3080B028-1C0E-4422-99C6-4F43329E511F}.Debug|ARM64.Build.0 = Debug|Any CPU
		{3080B028-1C0E-4422-99C6-4F43329E511F}.Debug|x64.ActiveCfg = Debug|Any CPU
		{3080B028-1C0E-4422-99C6-4F43329E511F}.Debug|x64.Build.0 = Debug|Any CPU
		{3080B028-1C0E-4422-99C6-4F43329E511F}.Debug|x86.ActiveCfg = Debug|Any CPU
		{3080B028-1C0E-4422-99C6-4F43329E511F}.Debug|x86.Build.0 = Debug|Any CPU
		{3080B028-1C0E-4422-99C6-4F43329E511F}.Release|Any CPU.ActiveCfg = Release|Any CPU
		{3080B028-1C0E-4422-99C6-4F43329E511F}.Release|Any CPU.Build.0 = Release|Any CPU
		{3080B028-1C0E-4422-99C6-4F43329E511F}.Release|ARM64.ActiveCfg = Release|Any CPU
		{3080B028-1C0E-4422-99C6-4F43329E511F}.Release|ARM64.Build.0 = Release|Any CPU
		{3080B028-1C0E-4422-99C6-4F43329E511F}.Release|x64.ActiveCfg = Release|Any CPU
		{3080B028-1C0E-4422-99C6-4F43329E511F}.Release|x64.Build.0 = Release|Any CPU
		{3080B028-1C0E-4422-99C6-4F43329E511F}.Release|x86.ActiveCfg = Release|Any CPU
		{3080B028-1C0E-4422-99C6-4F43329E511F}.Release|x86.Build.0 = Release|Any CPU
		{B9501A8F-C9CB-4745-AC34-560736E68DCA}.Debug|Any CPU.ActiveCfg = Debug|Any CPU
		{B9501A8F-C9CB-4745-AC34-560736E68DCA}.Debug|Any CPU.Build.0 = Debug|Any CPU
		{B9501A8F-C9CB-4745-AC34-560736E68DCA}.Debug|ARM64.ActiveCfg = Debug|Any CPU
		{B9501A8F-C9CB-4745-AC34-560736E68DCA}.Debug|ARM64.Build.0 = Debug|Any CPU
		{B9501A8F-C9CB-4745-AC34-560736E68DCA}.Debug|x64.ActiveCfg = Debug|Any CPU
		{B9501A8F-C9CB-4745-AC34-560736E68DCA}.Debug|x64.Build.0 = Debug|Any CPU
		{B9501A8F-C9CB-4745-AC34-560736E68DCA}.Debug|x86.ActiveCfg = Debug|Any CPU
		{B9501A8F-C9CB-4745-AC34-560736E68DCA}.Debug|x86.Build.0 = Debug|Any CPU
		{B9501A8F-C9CB-4745-AC34-560736E68DCA}.Release|Any CPU.ActiveCfg = Release|Any CPU
		{B9501A8F-C9CB-4745-AC34-560736E68DCA}.Release|Any CPU.Build.0 = Release|Any CPU
		{B9501A8F-C9CB-4745-AC34-560736E68DCA}.Release|ARM64.ActiveCfg = Release|Any CPU
		{B9501A8F-C9CB-4745-AC34-560736E68DCA}.Release|ARM64.Build.0 = Release|Any CPU
		{B9501A8F-C9CB-4745-AC34-560736E68DCA}.Release|x64.ActiveCfg = Release|Any CPU
		{B9501A8F-C9CB-4745-AC34-560736E68DCA}.Release|x64.Build.0 = Release|Any CPU
		{B9501A8F-C9CB-4745-AC34-560736E68DCA}.Release|x86.ActiveCfg = Release|Any CPU
		{B9501A8F-C9CB-4745-AC34-560736E68DCA}.Release|x86.Build.0 = Release|Any CPU
		{0D0B7DF9-61CB-4628-AD31-3192AE6512A1}.Debug|Any CPU.ActiveCfg = Debug|Any CPU
		{0D0B7DF9-61CB-4628-AD31-3192AE6512A1}.Debug|Any CPU.Build.0 = Debug|Any CPU
		{0D0B7DF9-61CB-4628-AD31-3192AE6512A1}.Debug|ARM64.ActiveCfg = Debug|Any CPU
		{0D0B7DF9-61CB-4628-AD31-3192AE6512A1}.Debug|ARM64.Build.0 = Debug|Any CPU
		{0D0B7DF9-61CB-4628-AD31-3192AE6512A1}.Debug|x64.ActiveCfg = Debug|Any CPU
		{0D0B7DF9-61CB-4628-AD31-3192AE6512A1}.Debug|x64.Build.0 = Debug|Any CPU
		{0D0B7DF9-61CB-4628-AD31-3192AE6512A1}.Debug|x86.ActiveCfg = Debug|Any CPU
		{0D0B7DF9-61CB-4628-AD31-3192AE6512A1}.Debug|x86.Build.0 = Debug|Any CPU
		{0D0B7DF9-61CB-4628-AD31-3192AE6512A1}.Release|Any CPU.ActiveCfg = Release|Any CPU
		{0D0B7DF9-61CB-4628-AD31-3192AE6512A1}.Release|Any CPU.Build.0 = Release|Any CPU
		{0D0B7DF9-61CB-4628-AD31-3192AE6512A1}.Release|ARM64.ActiveCfg = Release|Any CPU
		{0D0B7DF9-61CB-4628-AD31-3192AE6512A1}.Release|ARM64.Build.0 = Release|Any CPU
		{0D0B7DF9-61CB-4628-AD31-3192AE6512A1}.Release|x64.ActiveCfg = Release|Any CPU
		{0D0B7DF9-61CB-4628-AD31-3192AE6512A1}.Release|x64.Build.0 = Release|Any CPU
		{0D0B7DF9-61CB-4628-AD31-3192AE6512A1}.Release|x86.ActiveCfg = Release|Any CPU
		{0D0B7DF9-61CB-4628-AD31-3192AE6512A1}.Release|x86.Build.0 = Release|Any CPU
		{4554C528-60CF-4EB0-84B2-E7F6C1FB0702}.Debug|Any CPU.ActiveCfg = Debug|Any CPU
		{4554C528-60CF-4EB0-84B2-E7F6C1FB0702}.Debug|Any CPU.Build.0 = Debug|Any CPU
		{4554C528-60CF-4EB0-84B2-E7F6C1FB0702}.Debug|ARM64.ActiveCfg = Debug|Any CPU
		{4554C528-60CF-4EB0-84B2-E7F6C1FB0702}.Debug|ARM64.Build.0 = Debug|Any CPU
		{4554C528-60CF-4EB0-84B2-E7F6C1FB0702}.Debug|x64.ActiveCfg = Debug|Any CPU
		{4554C528-60CF-4EB0-84B2-E7F6C1FB0702}.Debug|x64.Build.0 = Debug|Any CPU
		{4554C528-60CF-4EB0-84B2-E7F6C1FB0702}.Debug|x86.ActiveCfg = Debug|Any CPU
		{4554C528-60CF-4EB0-84B2-E7F6C1FB0702}.Debug|x86.Build.0 = Debug|Any CPU
		{4554C528-60CF-4EB0-84B2-E7F6C1FB0702}.Release|Any CPU.ActiveCfg = Release|Any CPU
		{4554C528-60CF-4EB0-84B2-E7F6C1FB0702}.Release|Any CPU.Build.0 = Release|Any CPU
		{4554C528-60CF-4EB0-84B2-E7F6C1FB0702}.Release|ARM64.ActiveCfg = Release|Any CPU
		{4554C528-60CF-4EB0-84B2-E7F6C1FB0702}.Release|ARM64.Build.0 = Release|Any CPU
		{4554C528-60CF-4EB0-84B2-E7F6C1FB0702}.Release|x64.ActiveCfg = Release|Any CPU
		{4554C528-60CF-4EB0-84B2-E7F6C1FB0702}.Release|x64.Build.0 = Release|Any CPU
		{4554C528-60CF-4EB0-84B2-E7F6C1FB0702}.Release|x86.ActiveCfg = Release|Any CPU
		{4554C528-60CF-4EB0-84B2-E7F6C1FB0702}.Release|x86.Build.0 = Release|Any CPU
		{C391416B-5CA9-41A9-B11B-5F33D5BF1B0A}.Debug|Any CPU.ActiveCfg = Debug|Any CPU
		{C391416B-5CA9-41A9-B11B-5F33D5BF1B0A}.Debug|Any CPU.Build.0 = Debug|Any CPU
		{C391416B-5CA9-41A9-B11B-5F33D5BF1B0A}.Debug|ARM64.ActiveCfg = Debug|Any CPU
		{C391416B-5CA9-41A9-B11B-5F33D5BF1B0A}.Debug|ARM64.Build.0 = Debug|Any CPU
		{C391416B-5CA9-41A9-B11B-5F33D5BF1B0A}.Debug|x64.ActiveCfg = Debug|Any CPU
		{C391416B-5CA9-41A9-B11B-5F33D5BF1B0A}.Debug|x64.Build.0 = Debug|Any CPU
		{C391416B-5CA9-41A9-B11B-5F33D5BF1B0A}.Debug|x86.ActiveCfg = Debug|Any CPU
		{C391416B-5CA9-41A9-B11B-5F33D5BF1B0A}.Debug|x86.Build.0 = Debug|Any CPU
		{C391416B-5CA9-41A9-B11B-5F33D5BF1B0A}.Release|Any CPU.ActiveCfg = Release|Any CPU
		{C391416B-5CA9-41A9-B11B-5F33D5BF1B0A}.Release|Any CPU.Build.0 = Release|Any CPU
		{C391416B-5CA9-41A9-B11B-5F33D5BF1B0A}.Release|ARM64.ActiveCfg = Release|Any CPU
		{C391416B-5CA9-41A9-B11B-5F33D5BF1B0A}.Release|ARM64.Build.0 = Release|Any CPU
		{C391416B-5CA9-41A9-B11B-5F33D5BF1B0A}.Release|x64.ActiveCfg = Release|Any CPU
		{C391416B-5CA9-41A9-B11B-5F33D5BF1B0A}.Release|x64.Build.0 = Release|Any CPU
		{C391416B-5CA9-41A9-B11B-5F33D5BF1B0A}.Release|x86.ActiveCfg = Release|Any CPU
		{C391416B-5CA9-41A9-B11B-5F33D5BF1B0A}.Release|x86.Build.0 = Release|Any CPU
		{5F428F2E-466A-4FC4-B92F-3904DCF5464E}.Debug|Any CPU.ActiveCfg = Debug|Any CPU
		{5F428F2E-466A-4FC4-B92F-3904DCF5464E}.Debug|Any CPU.Build.0 = Debug|Any CPU
		{5F428F2E-466A-4FC4-B92F-3904DCF5464E}.Debug|ARM64.ActiveCfg = Debug|Any CPU
		{5F428F2E-466A-4FC4-B92F-3904DCF5464E}.Debug|ARM64.Build.0 = Debug|Any CPU
		{5F428F2E-466A-4FC4-B92F-3904DCF5464E}.Debug|x64.ActiveCfg = Debug|Any CPU
		{5F428F2E-466A-4FC4-B92F-3904DCF5464E}.Debug|x64.Build.0 = Debug|Any CPU
		{5F428F2E-466A-4FC4-B92F-3904DCF5464E}.Debug|x86.ActiveCfg = Debug|Any CPU
		{5F428F2E-466A-4FC4-B92F-3904DCF5464E}.Debug|x86.Build.0 = Debug|Any CPU
		{5F428F2E-466A-4FC4-B92F-3904DCF5464E}.Release|Any CPU.ActiveCfg = Release|Any CPU
		{5F428F2E-466A-4FC4-B92F-3904DCF5464E}.Release|Any CPU.Build.0 = Release|Any CPU
		{5F428F2E-466A-4FC4-B92F-3904DCF5464E}.Release|ARM64.ActiveCfg = Release|Any CPU
		{5F428F2E-466A-4FC4-B92F-3904DCF5464E}.Release|ARM64.Build.0 = Release|Any CPU
		{5F428F2E-466A-4FC4-B92F-3904DCF5464E}.Release|x64.ActiveCfg = Release|Any CPU
		{5F428F2E-466A-4FC4-B92F-3904DCF5464E}.Release|x64.Build.0 = Release|Any CPU
		{5F428F2E-466A-4FC4-B92F-3904DCF5464E}.Release|x86.ActiveCfg = Release|Any CPU
		{5F428F2E-466A-4FC4-B92F-3904DCF5464E}.Release|x86.Build.0 = Release|Any CPU
		{1361061C-3993-45F8-90D3-6742FAD195FB}.Debug|Any CPU.ActiveCfg = Debug|Any CPU
		{1361061C-3993-45F8-90D3-6742FAD195FB}.Debug|Any CPU.Build.0 = Debug|Any CPU
		{1361061C-3993-45F8-90D3-6742FAD195FB}.Debug|ARM64.ActiveCfg = Debug|Any CPU
		{1361061C-3993-45F8-90D3-6742FAD195FB}.Debug|ARM64.Build.0 = Debug|Any CPU
		{1361061C-3993-45F8-90D3-6742FAD195FB}.Debug|x64.ActiveCfg = Debug|Any CPU
		{1361061C-3993-45F8-90D3-6742FAD195FB}.Debug|x64.Build.0 = Debug|Any CPU
		{1361061C-3993-45F8-90D3-6742FAD195FB}.Debug|x86.ActiveCfg = Debug|Any CPU
		{1361061C-3993-45F8-90D3-6742FAD195FB}.Debug|x86.Build.0 = Debug|Any CPU
		{1361061C-3993-45F8-90D3-6742FAD195FB}.Release|Any CPU.ActiveCfg = Release|Any CPU
		{1361061C-3993-45F8-90D3-6742FAD195FB}.Release|Any CPU.Build.0 = Release|Any CPU
		{1361061C-3993-45F8-90D3-6742FAD195FB}.Release|ARM64.ActiveCfg = Release|Any CPU
		{1361061C-3993-45F8-90D3-6742FAD195FB}.Release|ARM64.Build.0 = Release|Any CPU
		{1361061C-3993-45F8-90D3-6742FAD195FB}.Release|x64.ActiveCfg = Release|Any CPU
		{1361061C-3993-45F8-90D3-6742FAD195FB}.Release|x64.Build.0 = Release|Any CPU
		{1361061C-3993-45F8-90D3-6742FAD195FB}.Release|x86.ActiveCfg = Release|Any CPU
		{1361061C-3993-45F8-90D3-6742FAD195FB}.Release|x86.Build.0 = Release|Any CPU
		{45B16154-4C18-4DA5-9F06-B6783DA5AE2D}.Debug|Any CPU.ActiveCfg = Debug|Any CPU
		{45B16154-4C18-4DA5-9F06-B6783DA5AE2D}.Debug|Any CPU.Build.0 = Debug|Any CPU
		{45B16154-4C18-4DA5-9F06-B6783DA5AE2D}.Debug|ARM64.ActiveCfg = Debug|Any CPU
		{45B16154-4C18-4DA5-9F06-B6783DA5AE2D}.Debug|ARM64.Build.0 = Debug|Any CPU
		{45B16154-4C18-4DA5-9F06-B6783DA5AE2D}.Debug|x64.ActiveCfg = Debug|Any CPU
		{45B16154-4C18-4DA5-9F06-B6783DA5AE2D}.Debug|x64.Build.0 = Debug|Any CPU
		{45B16154-4C18-4DA5-9F06-B6783DA5AE2D}.Debug|x86.ActiveCfg = Debug|Any CPU
		{45B16154-4C18-4DA5-9F06-B6783DA5AE2D}.Debug|x86.Build.0 = Debug|Any CPU
		{45B16154-4C18-4DA5-9F06-B6783DA5AE2D}.Release|Any CPU.ActiveCfg = Release|Any CPU
		{45B16154-4C18-4DA5-9F06-B6783DA5AE2D}.Release|Any CPU.Build.0 = Release|Any CPU
		{45B16154-4C18-4DA5-9F06-B6783DA5AE2D}.Release|ARM64.ActiveCfg = Release|Any CPU
		{45B16154-4C18-4DA5-9F06-B6783DA5AE2D}.Release|ARM64.Build.0 = Release|Any CPU
		{45B16154-4C18-4DA5-9F06-B6783DA5AE2D}.Release|x64.ActiveCfg = Release|Any CPU
		{45B16154-4C18-4DA5-9F06-B6783DA5AE2D}.Release|x64.Build.0 = Release|Any CPU
		{45B16154-4C18-4DA5-9F06-B6783DA5AE2D}.Release|x86.ActiveCfg = Release|Any CPU
		{45B16154-4C18-4DA5-9F06-B6783DA5AE2D}.Release|x86.Build.0 = Release|Any CPU
		{738F5A9C-7583-4641-A7D5-F1BA5AA62A54}.Debug|Any CPU.ActiveCfg = Debug|Any CPU
		{738F5A9C-7583-4641-A7D5-F1BA5AA62A54}.Debug|Any CPU.Build.0 = Debug|Any CPU
		{738F5A9C-7583-4641-A7D5-F1BA5AA62A54}.Debug|ARM64.ActiveCfg = Debug|Any CPU
		{738F5A9C-7583-4641-A7D5-F1BA5AA62A54}.Debug|ARM64.Build.0 = Debug|Any CPU
		{738F5A9C-7583-4641-A7D5-F1BA5AA62A54}.Debug|x64.ActiveCfg = Debug|Any CPU
		{738F5A9C-7583-4641-A7D5-F1BA5AA62A54}.Debug|x64.Build.0 = Debug|Any CPU
		{738F5A9C-7583-4641-A7D5-F1BA5AA62A54}.Debug|x86.ActiveCfg = Debug|Any CPU
		{738F5A9C-7583-4641-A7D5-F1BA5AA62A54}.Debug|x86.Build.0 = Debug|Any CPU
		{738F5A9C-7583-4641-A7D5-F1BA5AA62A54}.Release|Any CPU.ActiveCfg = Release|Any CPU
		{738F5A9C-7583-4641-A7D5-F1BA5AA62A54}.Release|Any CPU.Build.0 = Release|Any CPU
		{738F5A9C-7583-4641-A7D5-F1BA5AA62A54}.Release|ARM64.ActiveCfg = Release|Any CPU
		{738F5A9C-7583-4641-A7D5-F1BA5AA62A54}.Release|ARM64.Build.0 = Release|Any CPU
		{738F5A9C-7583-4641-A7D5-F1BA5AA62A54}.Release|x64.ActiveCfg = Release|Any CPU
		{738F5A9C-7583-4641-A7D5-F1BA5AA62A54}.Release|x64.Build.0 = Release|Any CPU
		{738F5A9C-7583-4641-A7D5-F1BA5AA62A54}.Release|x86.ActiveCfg = Release|Any CPU
		{738F5A9C-7583-4641-A7D5-F1BA5AA62A54}.Release|x86.Build.0 = Release|Any CPU
		{13943B61-E4A6-482F-B03E-7CF5A7361186}.Debug|Any CPU.ActiveCfg = Debug|Any CPU
		{13943B61-E4A6-482F-B03E-7CF5A7361186}.Debug|Any CPU.Build.0 = Debug|Any CPU
		{13943B61-E4A6-482F-B03E-7CF5A7361186}.Debug|ARM64.ActiveCfg = Debug|Any CPU
		{13943B61-E4A6-482F-B03E-7CF5A7361186}.Debug|ARM64.Build.0 = Debug|Any CPU
		{13943B61-E4A6-482F-B03E-7CF5A7361186}.Debug|x64.ActiveCfg = Debug|Any CPU
		{13943B61-E4A6-482F-B03E-7CF5A7361186}.Debug|x64.Build.0 = Debug|Any CPU
		{13943B61-E4A6-482F-B03E-7CF5A7361186}.Debug|x86.ActiveCfg = Debug|Any CPU
		{13943B61-E4A6-482F-B03E-7CF5A7361186}.Debug|x86.Build.0 = Debug|Any CPU
		{13943B61-E4A6-482F-B03E-7CF5A7361186}.Release|Any CPU.ActiveCfg = Release|Any CPU
		{13943B61-E4A6-482F-B03E-7CF5A7361186}.Release|Any CPU.Build.0 = Release|Any CPU
		{13943B61-E4A6-482F-B03E-7CF5A7361186}.Release|ARM64.ActiveCfg = Release|Any CPU
		{13943B61-E4A6-482F-B03E-7CF5A7361186}.Release|ARM64.Build.0 = Release|Any CPU
		{13943B61-E4A6-482F-B03E-7CF5A7361186}.Release|x64.ActiveCfg = Release|Any CPU
		{13943B61-E4A6-482F-B03E-7CF5A7361186}.Release|x64.Build.0 = Release|Any CPU
		{13943B61-E4A6-482F-B03E-7CF5A7361186}.Release|x86.ActiveCfg = Release|Any CPU
		{13943B61-E4A6-482F-B03E-7CF5A7361186}.Release|x86.Build.0 = Release|Any CPU
		{B3E8736A-737F-40E4-A44E-2B28207689D2}.Debug|Any CPU.ActiveCfg = Debug|Any CPU
		{B3E8736A-737F-40E4-A44E-2B28207689D2}.Debug|Any CPU.Build.0 = Debug|Any CPU
		{B3E8736A-737F-40E4-A44E-2B28207689D2}.Debug|ARM64.ActiveCfg = Debug|Any CPU
		{B3E8736A-737F-40E4-A44E-2B28207689D2}.Debug|ARM64.Build.0 = Debug|Any CPU
		{B3E8736A-737F-40E4-A44E-2B28207689D2}.Debug|x64.ActiveCfg = Debug|Any CPU
		{B3E8736A-737F-40E4-A44E-2B28207689D2}.Debug|x64.Build.0 = Debug|Any CPU
		{B3E8736A-737F-40E4-A44E-2B28207689D2}.Debug|x86.ActiveCfg = Debug|Any CPU
		{B3E8736A-737F-40E4-A44E-2B28207689D2}.Debug|x86.Build.0 = Debug|Any CPU
		{B3E8736A-737F-40E4-A44E-2B28207689D2}.Release|Any CPU.ActiveCfg = Release|Any CPU
		{B3E8736A-737F-40E4-A44E-2B28207689D2}.Release|Any CPU.Build.0 = Release|Any CPU
		{B3E8736A-737F-40E4-A44E-2B28207689D2}.Release|ARM64.ActiveCfg = Release|Any CPU
		{B3E8736A-737F-40E4-A44E-2B28207689D2}.Release|ARM64.Build.0 = Release|Any CPU
		{B3E8736A-737F-40E4-A44E-2B28207689D2}.Release|x64.ActiveCfg = Release|Any CPU
		{B3E8736A-737F-40E4-A44E-2B28207689D2}.Release|x64.Build.0 = Release|Any CPU
		{B3E8736A-737F-40E4-A44E-2B28207689D2}.Release|x86.ActiveCfg = Release|Any CPU
		{B3E8736A-737F-40E4-A44E-2B28207689D2}.Release|x86.Build.0 = Release|Any CPU
		{EE183079-DA13-4D09-94F8-93F0BA530A30}.Debug|Any CPU.ActiveCfg = Debug|Any CPU
		{EE183079-DA13-4D09-94F8-93F0BA530A30}.Debug|Any CPU.Build.0 = Debug|Any CPU
		{EE183079-DA13-4D09-94F8-93F0BA530A30}.Debug|ARM64.ActiveCfg = Debug|Any CPU
		{EE183079-DA13-4D09-94F8-93F0BA530A30}.Debug|ARM64.Build.0 = Debug|Any CPU
		{EE183079-DA13-4D09-94F8-93F0BA530A30}.Debug|x64.ActiveCfg = Debug|Any CPU
		{EE183079-DA13-4D09-94F8-93F0BA530A30}.Debug|x64.Build.0 = Debug|Any CPU
		{EE183079-DA13-4D09-94F8-93F0BA530A30}.Debug|x86.ActiveCfg = Debug|Any CPU
		{EE183079-DA13-4D09-94F8-93F0BA530A30}.Debug|x86.Build.0 = Debug|Any CPU
		{EE183079-DA13-4D09-94F8-93F0BA530A30}.Release|Any CPU.ActiveCfg = Release|Any CPU
		{EE183079-DA13-4D09-94F8-93F0BA530A30}.Release|Any CPU.Build.0 = Release|Any CPU
		{EE183079-DA13-4D09-94F8-93F0BA530A30}.Release|ARM64.ActiveCfg = Release|Any CPU
		{EE183079-DA13-4D09-94F8-93F0BA530A30}.Release|ARM64.Build.0 = Release|Any CPU
		{EE183079-DA13-4D09-94F8-93F0BA530A30}.Release|x64.ActiveCfg = Release|Any CPU
		{EE183079-DA13-4D09-94F8-93F0BA530A30}.Release|x64.Build.0 = Release|Any CPU
		{EE183079-DA13-4D09-94F8-93F0BA530A30}.Release|x86.ActiveCfg = Release|Any CPU
		{EE183079-DA13-4D09-94F8-93F0BA530A30}.Release|x86.Build.0 = Release|Any CPU
		{9E631777-A431-4A94-A10E-437E041959BC}.Debug|Any CPU.ActiveCfg = Debug|Any CPU
		{9E631777-A431-4A94-A10E-437E041959BC}.Debug|Any CPU.Build.0 = Debug|Any CPU
		{9E631777-A431-4A94-A10E-437E041959BC}.Debug|ARM64.ActiveCfg = Debug|Any CPU
		{9E631777-A431-4A94-A10E-437E041959BC}.Debug|ARM64.Build.0 = Debug|Any CPU
		{9E631777-A431-4A94-A10E-437E041959BC}.Debug|x64.ActiveCfg = Debug|Any CPU
		{9E631777-A431-4A94-A10E-437E041959BC}.Debug|x64.Build.0 = Debug|Any CPU
		{9E631777-A431-4A94-A10E-437E041959BC}.Debug|x86.ActiveCfg = Debug|Any CPU
		{9E631777-A431-4A94-A10E-437E041959BC}.Debug|x86.Build.0 = Debug|Any CPU
		{9E631777-A431-4A94-A10E-437E041959BC}.Release|Any CPU.ActiveCfg = Release|Any CPU
		{9E631777-A431-4A94-A10E-437E041959BC}.Release|Any CPU.Build.0 = Release|Any CPU
		{9E631777-A431-4A94-A10E-437E041959BC}.Release|ARM64.ActiveCfg = Release|Any CPU
		{9E631777-A431-4A94-A10E-437E041959BC}.Release|ARM64.Build.0 = Release|Any CPU
		{9E631777-A431-4A94-A10E-437E041959BC}.Release|x64.ActiveCfg = Release|Any CPU
		{9E631777-A431-4A94-A10E-437E041959BC}.Release|x64.Build.0 = Release|Any CPU
		{9E631777-A431-4A94-A10E-437E041959BC}.Release|x86.ActiveCfg = Release|Any CPU
		{9E631777-A431-4A94-A10E-437E041959BC}.Release|x86.Build.0 = Release|Any CPU
		{A7F58D60-C3B0-4A72-BBC7-0EB9459A7E99}.Debug|Any CPU.ActiveCfg = Debug|Any CPU
		{A7F58D60-C3B0-4A72-BBC7-0EB9459A7E99}.Debug|Any CPU.Build.0 = Debug|Any CPU
		{A7F58D60-C3B0-4A72-BBC7-0EB9459A7E99}.Debug|ARM64.ActiveCfg = Debug|Any CPU
		{A7F58D60-C3B0-4A72-BBC7-0EB9459A7E99}.Debug|ARM64.Build.0 = Debug|Any CPU
		{A7F58D60-C3B0-4A72-BBC7-0EB9459A7E99}.Debug|x64.ActiveCfg = Debug|Any CPU
		{A7F58D60-C3B0-4A72-BBC7-0EB9459A7E99}.Debug|x64.Build.0 = Debug|Any CPU
		{A7F58D60-C3B0-4A72-BBC7-0EB9459A7E99}.Debug|x86.ActiveCfg = Debug|Any CPU
		{A7F58D60-C3B0-4A72-BBC7-0EB9459A7E99}.Debug|x86.Build.0 = Debug|Any CPU
		{A7F58D60-C3B0-4A72-BBC7-0EB9459A7E99}.Release|Any CPU.ActiveCfg = Release|Any CPU
		{A7F58D60-C3B0-4A72-BBC7-0EB9459A7E99}.Release|Any CPU.Build.0 = Release|Any CPU
		{A7F58D60-C3B0-4A72-BBC7-0EB9459A7E99}.Release|ARM64.ActiveCfg = Release|Any CPU
		{A7F58D60-C3B0-4A72-BBC7-0EB9459A7E99}.Release|ARM64.Build.0 = Release|Any CPU
		{A7F58D60-C3B0-4A72-BBC7-0EB9459A7E99}.Release|x64.ActiveCfg = Release|Any CPU
		{A7F58D60-C3B0-4A72-BBC7-0EB9459A7E99}.Release|x64.Build.0 = Release|Any CPU
		{A7F58D60-C3B0-4A72-BBC7-0EB9459A7E99}.Release|x86.ActiveCfg = Release|Any CPU
		{A7F58D60-C3B0-4A72-BBC7-0EB9459A7E99}.Release|x86.Build.0 = Release|Any CPU
		{13C32E42-8449-4220-A265-46D555C5D07E}.Debug|Any CPU.ActiveCfg = Debug|Any CPU
		{13C32E42-8449-4220-A265-46D555C5D07E}.Debug|Any CPU.Build.0 = Debug|Any CPU
		{13C32E42-8449-4220-A265-46D555C5D07E}.Debug|ARM64.ActiveCfg = Debug|Any CPU
		{13C32E42-8449-4220-A265-46D555C5D07E}.Debug|ARM64.Build.0 = Debug|Any CPU
		{13C32E42-8449-4220-A265-46D555C5D07E}.Debug|x64.ActiveCfg = Debug|Any CPU
		{13C32E42-8449-4220-A265-46D555C5D07E}.Debug|x64.Build.0 = Debug|Any CPU
		{13C32E42-8449-4220-A265-46D555C5D07E}.Debug|x86.ActiveCfg = Debug|Any CPU
		{13C32E42-8449-4220-A265-46D555C5D07E}.Debug|x86.Build.0 = Debug|Any CPU
		{13C32E42-8449-4220-A265-46D555C5D07E}.Release|Any CPU.ActiveCfg = Release|Any CPU
		{13C32E42-8449-4220-A265-46D555C5D07E}.Release|Any CPU.Build.0 = Release|Any CPU
		{13C32E42-8449-4220-A265-46D555C5D07E}.Release|ARM64.ActiveCfg = Release|Any CPU
		{13C32E42-8449-4220-A265-46D555C5D07E}.Release|ARM64.Build.0 = Release|Any CPU
		{13C32E42-8449-4220-A265-46D555C5D07E}.Release|x64.ActiveCfg = Release|Any CPU
		{13C32E42-8449-4220-A265-46D555C5D07E}.Release|x64.Build.0 = Release|Any CPU
		{13C32E42-8449-4220-A265-46D555C5D07E}.Release|x86.ActiveCfg = Release|Any CPU
		{13C32E42-8449-4220-A265-46D555C5D07E}.Release|x86.Build.0 = Release|Any CPU
		{A8BFB6A4-B797-4478-837D-35DAA9A45400}.Debug|Any CPU.ActiveCfg = Debug|Any CPU
		{A8BFB6A4-B797-4478-837D-35DAA9A45400}.Debug|Any CPU.Build.0 = Debug|Any CPU
		{A8BFB6A4-B797-4478-837D-35DAA9A45400}.Debug|ARM64.ActiveCfg = Debug|Any CPU
		{A8BFB6A4-B797-4478-837D-35DAA9A45400}.Debug|ARM64.Build.0 = Debug|Any CPU
		{A8BFB6A4-B797-4478-837D-35DAA9A45400}.Debug|x64.ActiveCfg = Debug|Any CPU
		{A8BFB6A4-B797-4478-837D-35DAA9A45400}.Debug|x64.Build.0 = Debug|Any CPU
		{A8BFB6A4-B797-4478-837D-35DAA9A45400}.Debug|x86.ActiveCfg = Debug|Any CPU
		{A8BFB6A4-B797-4478-837D-35DAA9A45400}.Debug|x86.Build.0 = Debug|Any CPU
		{A8BFB6A4-B797-4478-837D-35DAA9A45400}.Release|Any CPU.ActiveCfg = Release|Any CPU
		{A8BFB6A4-B797-4478-837D-35DAA9A45400}.Release|Any CPU.Build.0 = Release|Any CPU
		{A8BFB6A4-B797-4478-837D-35DAA9A45400}.Release|ARM64.ActiveCfg = Release|Any CPU
		{A8BFB6A4-B797-4478-837D-35DAA9A45400}.Release|ARM64.Build.0 = Release|Any CPU
		{A8BFB6A4-B797-4478-837D-35DAA9A45400}.Release|x64.ActiveCfg = Release|Any CPU
		{A8BFB6A4-B797-4478-837D-35DAA9A45400}.Release|x64.Build.0 = Release|Any CPU
		{A8BFB6A4-B797-4478-837D-35DAA9A45400}.Release|x86.ActiveCfg = Release|Any CPU
		{A8BFB6A4-B797-4478-837D-35DAA9A45400}.Release|x86.Build.0 = Release|Any CPU
		{833E1330-6F26-40BC-8BC8-684C85668F27}.Debug|Any CPU.ActiveCfg = Debug|Any CPU
		{833E1330-6F26-40BC-8BC8-684C85668F27}.Debug|Any CPU.Build.0 = Debug|Any CPU
		{833E1330-6F26-40BC-8BC8-684C85668F27}.Debug|ARM64.ActiveCfg = Debug|Any CPU
		{833E1330-6F26-40BC-8BC8-684C85668F27}.Debug|ARM64.Build.0 = Debug|Any CPU
		{833E1330-6F26-40BC-8BC8-684C85668F27}.Debug|x64.ActiveCfg = Debug|Any CPU
		{833E1330-6F26-40BC-8BC8-684C85668F27}.Debug|x64.Build.0 = Debug|Any CPU
		{833E1330-6F26-40BC-8BC8-684C85668F27}.Debug|x86.ActiveCfg = Debug|Any CPU
		{833E1330-6F26-40BC-8BC8-684C85668F27}.Debug|x86.Build.0 = Debug|Any CPU
		{833E1330-6F26-40BC-8BC8-684C85668F27}.Release|Any CPU.ActiveCfg = Release|Any CPU
		{833E1330-6F26-40BC-8BC8-684C85668F27}.Release|Any CPU.Build.0 = Release|Any CPU
		{833E1330-6F26-40BC-8BC8-684C85668F27}.Release|ARM64.ActiveCfg = Release|Any CPU
		{833E1330-6F26-40BC-8BC8-684C85668F27}.Release|ARM64.Build.0 = Release|Any CPU
		{833E1330-6F26-40BC-8BC8-684C85668F27}.Release|x64.ActiveCfg = Release|Any CPU
		{833E1330-6F26-40BC-8BC8-684C85668F27}.Release|x64.Build.0 = Release|Any CPU
		{833E1330-6F26-40BC-8BC8-684C85668F27}.Release|x86.ActiveCfg = Release|Any CPU
		{833E1330-6F26-40BC-8BC8-684C85668F27}.Release|x86.Build.0 = Release|Any CPU
		{389E6665-D387-4C3B-9067-26CEBEA71902}.Debug|Any CPU.ActiveCfg = Debug|Any CPU
		{389E6665-D387-4C3B-9067-26CEBEA71902}.Debug|Any CPU.Build.0 = Debug|Any CPU
		{389E6665-D387-4C3B-9067-26CEBEA71902}.Debug|ARM64.ActiveCfg = Debug|Any CPU
		{389E6665-D387-4C3B-9067-26CEBEA71902}.Debug|ARM64.Build.0 = Debug|Any CPU
		{389E6665-D387-4C3B-9067-26CEBEA71902}.Debug|x64.ActiveCfg = Debug|Any CPU
		{389E6665-D387-4C3B-9067-26CEBEA71902}.Debug|x64.Build.0 = Debug|Any CPU
		{389E6665-D387-4C3B-9067-26CEBEA71902}.Debug|x86.ActiveCfg = Debug|Any CPU
		{389E6665-D387-4C3B-9067-26CEBEA71902}.Debug|x86.Build.0 = Debug|Any CPU
		{389E6665-D387-4C3B-9067-26CEBEA71902}.Release|Any CPU.ActiveCfg = Release|Any CPU
		{389E6665-D387-4C3B-9067-26CEBEA71902}.Release|Any CPU.Build.0 = Release|Any CPU
		{389E6665-D387-4C3B-9067-26CEBEA71902}.Release|ARM64.ActiveCfg = Release|Any CPU
		{389E6665-D387-4C3B-9067-26CEBEA71902}.Release|ARM64.Build.0 = Release|Any CPU
		{389E6665-D387-4C3B-9067-26CEBEA71902}.Release|x64.ActiveCfg = Release|Any CPU
		{389E6665-D387-4C3B-9067-26CEBEA71902}.Release|x64.Build.0 = Release|Any CPU
		{389E6665-D387-4C3B-9067-26CEBEA71902}.Release|x86.ActiveCfg = Release|Any CPU
		{389E6665-D387-4C3B-9067-26CEBEA71902}.Release|x86.Build.0 = Release|Any CPU
		{D16A6D80-DAAC-4A7C-9C8E-32B97A89E5E8}.Debug|Any CPU.ActiveCfg = Debug|Any CPU
		{D16A6D80-DAAC-4A7C-9C8E-32B97A89E5E8}.Debug|Any CPU.Build.0 = Debug|Any CPU
		{D16A6D80-DAAC-4A7C-9C8E-32B97A89E5E8}.Debug|ARM64.ActiveCfg = Debug|Any CPU
		{D16A6D80-DAAC-4A7C-9C8E-32B97A89E5E8}.Debug|ARM64.Build.0 = Debug|Any CPU
		{D16A6D80-DAAC-4A7C-9C8E-32B97A89E5E8}.Debug|x64.ActiveCfg = Debug|Any CPU
		{D16A6D80-DAAC-4A7C-9C8E-32B97A89E5E8}.Debug|x64.Build.0 = Debug|Any CPU
		{D16A6D80-DAAC-4A7C-9C8E-32B97A89E5E8}.Debug|x86.ActiveCfg = Debug|Any CPU
		{D16A6D80-DAAC-4A7C-9C8E-32B97A89E5E8}.Debug|x86.Build.0 = Debug|Any CPU
		{D16A6D80-DAAC-4A7C-9C8E-32B97A89E5E8}.Release|Any CPU.ActiveCfg = Release|Any CPU
		{D16A6D80-DAAC-4A7C-9C8E-32B97A89E5E8}.Release|Any CPU.Build.0 = Release|Any CPU
		{D16A6D80-DAAC-4A7C-9C8E-32B97A89E5E8}.Release|ARM64.ActiveCfg = Release|Any CPU
		{D16A6D80-DAAC-4A7C-9C8E-32B97A89E5E8}.Release|ARM64.Build.0 = Release|Any CPU
		{D16A6D80-DAAC-4A7C-9C8E-32B97A89E5E8}.Release|x64.ActiveCfg = Release|Any CPU
		{D16A6D80-DAAC-4A7C-9C8E-32B97A89E5E8}.Release|x64.Build.0 = Release|Any CPU
		{D16A6D80-DAAC-4A7C-9C8E-32B97A89E5E8}.Release|x86.ActiveCfg = Release|Any CPU
		{D16A6D80-DAAC-4A7C-9C8E-32B97A89E5E8}.Release|x86.Build.0 = Release|Any CPU
		{94412346-4E70-40F3-9A3D-FE1619E65F5F}.Debug|Any CPU.ActiveCfg = Debug|Any CPU
		{94412346-4E70-40F3-9A3D-FE1619E65F5F}.Debug|Any CPU.Build.0 = Debug|Any CPU
		{94412346-4E70-40F3-9A3D-FE1619E65F5F}.Debug|ARM64.ActiveCfg = Debug|Any CPU
		{94412346-4E70-40F3-9A3D-FE1619E65F5F}.Debug|ARM64.Build.0 = Debug|Any CPU
		{94412346-4E70-40F3-9A3D-FE1619E65F5F}.Debug|x64.ActiveCfg = Debug|Any CPU
		{94412346-4E70-40F3-9A3D-FE1619E65F5F}.Debug|x64.Build.0 = Debug|Any CPU
		{94412346-4E70-40F3-9A3D-FE1619E65F5F}.Debug|x86.ActiveCfg = Debug|Any CPU
		{94412346-4E70-40F3-9A3D-FE1619E65F5F}.Debug|x86.Build.0 = Debug|Any CPU
		{94412346-4E70-40F3-9A3D-FE1619E65F5F}.Release|Any CPU.ActiveCfg = Release|Any CPU
		{94412346-4E70-40F3-9A3D-FE1619E65F5F}.Release|Any CPU.Build.0 = Release|Any CPU
		{94412346-4E70-40F3-9A3D-FE1619E65F5F}.Release|ARM64.ActiveCfg = Release|Any CPU
		{94412346-4E70-40F3-9A3D-FE1619E65F5F}.Release|ARM64.Build.0 = Release|Any CPU
		{94412346-4E70-40F3-9A3D-FE1619E65F5F}.Release|x64.ActiveCfg = Release|Any CPU
		{94412346-4E70-40F3-9A3D-FE1619E65F5F}.Release|x64.Build.0 = Release|Any CPU
		{94412346-4E70-40F3-9A3D-FE1619E65F5F}.Release|x86.ActiveCfg = Release|Any CPU
		{94412346-4E70-40F3-9A3D-FE1619E65F5F}.Release|x86.Build.0 = Release|Any CPU
		{DE89D0B1-78EF-48BC-9766-D68745072386}.Debug|Any CPU.ActiveCfg = Debug|Any CPU
		{DE89D0B1-78EF-48BC-9766-D68745072386}.Debug|Any CPU.Build.0 = Debug|Any CPU
		{DE89D0B1-78EF-48BC-9766-D68745072386}.Debug|ARM64.ActiveCfg = Debug|Any CPU
		{DE89D0B1-78EF-48BC-9766-D68745072386}.Debug|ARM64.Build.0 = Debug|Any CPU
		{DE89D0B1-78EF-48BC-9766-D68745072386}.Debug|x64.ActiveCfg = Debug|Any CPU
		{DE89D0B1-78EF-48BC-9766-D68745072386}.Debug|x64.Build.0 = Debug|Any CPU
		{DE89D0B1-78EF-48BC-9766-D68745072386}.Debug|x86.ActiveCfg = Debug|Any CPU
		{DE89D0B1-78EF-48BC-9766-D68745072386}.Debug|x86.Build.0 = Debug|Any CPU
		{DE89D0B1-78EF-48BC-9766-D68745072386}.Release|Any CPU.ActiveCfg = Release|Any CPU
		{DE89D0B1-78EF-48BC-9766-D68745072386}.Release|Any CPU.Build.0 = Release|Any CPU
		{DE89D0B1-78EF-48BC-9766-D68745072386}.Release|ARM64.ActiveCfg = Release|Any CPU
		{DE89D0B1-78EF-48BC-9766-D68745072386}.Release|ARM64.Build.0 = Release|Any CPU
		{DE89D0B1-78EF-48BC-9766-D68745072386}.Release|x64.ActiveCfg = Release|Any CPU
		{DE89D0B1-78EF-48BC-9766-D68745072386}.Release|x64.Build.0 = Release|Any CPU
		{DE89D0B1-78EF-48BC-9766-D68745072386}.Release|x86.ActiveCfg = Release|Any CPU
		{DE89D0B1-78EF-48BC-9766-D68745072386}.Release|x86.Build.0 = Release|Any CPU
		{34E4B399-3137-48D6-B146-51532FA8C1A3}.Debug|Any CPU.ActiveCfg = Debug|Any CPU
		{34E4B399-3137-48D6-B146-51532FA8C1A3}.Debug|Any CPU.Build.0 = Debug|Any CPU
		{34E4B399-3137-48D6-B146-51532FA8C1A3}.Debug|ARM64.ActiveCfg = Debug|Any CPU
		{34E4B399-3137-48D6-B146-51532FA8C1A3}.Debug|ARM64.Build.0 = Debug|Any CPU
		{34E4B399-3137-48D6-B146-51532FA8C1A3}.Debug|x64.ActiveCfg = Debug|Any CPU
		{34E4B399-3137-48D6-B146-51532FA8C1A3}.Debug|x64.Build.0 = Debug|Any CPU
		{34E4B399-3137-48D6-B146-51532FA8C1A3}.Debug|x86.ActiveCfg = Debug|Any CPU
		{34E4B399-3137-48D6-B146-51532FA8C1A3}.Debug|x86.Build.0 = Debug|Any CPU
		{34E4B399-3137-48D6-B146-51532FA8C1A3}.Release|Any CPU.ActiveCfg = Release|Any CPU
		{34E4B399-3137-48D6-B146-51532FA8C1A3}.Release|Any CPU.Build.0 = Release|Any CPU
		{34E4B399-3137-48D6-B146-51532FA8C1A3}.Release|ARM64.ActiveCfg = Release|Any CPU
		{34E4B399-3137-48D6-B146-51532FA8C1A3}.Release|ARM64.Build.0 = Release|Any CPU
		{34E4B399-3137-48D6-B146-51532FA8C1A3}.Release|x64.ActiveCfg = Release|Any CPU
		{34E4B399-3137-48D6-B146-51532FA8C1A3}.Release|x64.Build.0 = Release|Any CPU
		{34E4B399-3137-48D6-B146-51532FA8C1A3}.Release|x86.ActiveCfg = Release|Any CPU
		{34E4B399-3137-48D6-B146-51532FA8C1A3}.Release|x86.Build.0 = Release|Any CPU
		{22FDC04B-80D4-4CD1-B9AC-43C653EA7B6B}.Debug|Any CPU.ActiveCfg = Debug|Any CPU
		{22FDC04B-80D4-4CD1-B9AC-43C653EA7B6B}.Debug|Any CPU.Build.0 = Debug|Any CPU
		{22FDC04B-80D4-4CD1-B9AC-43C653EA7B6B}.Debug|ARM64.ActiveCfg = Debug|Any CPU
		{22FDC04B-80D4-4CD1-B9AC-43C653EA7B6B}.Debug|ARM64.Build.0 = Debug|Any CPU
		{22FDC04B-80D4-4CD1-B9AC-43C653EA7B6B}.Debug|x64.ActiveCfg = Debug|Any CPU
		{22FDC04B-80D4-4CD1-B9AC-43C653EA7B6B}.Debug|x64.Build.0 = Debug|Any CPU
		{22FDC04B-80D4-4CD1-B9AC-43C653EA7B6B}.Debug|x86.ActiveCfg = Debug|Any CPU
		{22FDC04B-80D4-4CD1-B9AC-43C653EA7B6B}.Debug|x86.Build.0 = Debug|Any CPU
		{22FDC04B-80D4-4CD1-B9AC-43C653EA7B6B}.Release|Any CPU.ActiveCfg = Release|Any CPU
		{22FDC04B-80D4-4CD1-B9AC-43C653EA7B6B}.Release|Any CPU.Build.0 = Release|Any CPU
		{22FDC04B-80D4-4CD1-B9AC-43C653EA7B6B}.Release|ARM64.ActiveCfg = Release|Any CPU
		{22FDC04B-80D4-4CD1-B9AC-43C653EA7B6B}.Release|ARM64.Build.0 = Release|Any CPU
		{22FDC04B-80D4-4CD1-B9AC-43C653EA7B6B}.Release|x64.ActiveCfg = Release|Any CPU
		{22FDC04B-80D4-4CD1-B9AC-43C653EA7B6B}.Release|x64.Build.0 = Release|Any CPU
		{22FDC04B-80D4-4CD1-B9AC-43C653EA7B6B}.Release|x86.ActiveCfg = Release|Any CPU
		{22FDC04B-80D4-4CD1-B9AC-43C653EA7B6B}.Release|x86.Build.0 = Release|Any CPU
		{6ADB684E-D437-44A6-B6F0-B0211A5014DA}.Debug|Any CPU.ActiveCfg = Debug|Any CPU
		{6ADB684E-D437-44A6-B6F0-B0211A5014DA}.Debug|Any CPU.Build.0 = Debug|Any CPU
		{6ADB684E-D437-44A6-B6F0-B0211A5014DA}.Debug|ARM64.ActiveCfg = Debug|Any CPU
		{6ADB684E-D437-44A6-B6F0-B0211A5014DA}.Debug|ARM64.Build.0 = Debug|Any CPU
		{6ADB684E-D437-44A6-B6F0-B0211A5014DA}.Debug|x64.ActiveCfg = Debug|Any CPU
		{6ADB684E-D437-44A6-B6F0-B0211A5014DA}.Debug|x64.Build.0 = Debug|Any CPU
		{6ADB684E-D437-44A6-B6F0-B0211A5014DA}.Debug|x86.ActiveCfg = Debug|Any CPU
		{6ADB684E-D437-44A6-B6F0-B0211A5014DA}.Debug|x86.Build.0 = Debug|Any CPU
		{6ADB684E-D437-44A6-B6F0-B0211A5014DA}.Release|Any CPU.ActiveCfg = Release|Any CPU
		{6ADB684E-D437-44A6-B6F0-B0211A5014DA}.Release|Any CPU.Build.0 = Release|Any CPU
		{6ADB684E-D437-44A6-B6F0-B0211A5014DA}.Release|ARM64.ActiveCfg = Release|Any CPU
		{6ADB684E-D437-44A6-B6F0-B0211A5014DA}.Release|ARM64.Build.0 = Release|Any CPU
		{6ADB684E-D437-44A6-B6F0-B0211A5014DA}.Release|x64.ActiveCfg = Release|Any CPU
		{6ADB684E-D437-44A6-B6F0-B0211A5014DA}.Release|x64.Build.0 = Release|Any CPU
		{6ADB684E-D437-44A6-B6F0-B0211A5014DA}.Release|x86.ActiveCfg = Release|Any CPU
		{6ADB684E-D437-44A6-B6F0-B0211A5014DA}.Release|x86.Build.0 = Release|Any CPU
	EndGlobalSection
	GlobalSection(SolutionProperties) = preSolution
		HideSolutionNode = FALSE
	EndGlobalSection
	GlobalSection(NestedProjects) = preSolution
		{D47E8B07-C55B-44DC-9B91-F954BCE86BC5} = {228CF80E-31FE-4804-AD39-D3A47557C0FE}
		{F15BFD0E-A0F6-4757-BBCC-0DA169E55F21} = {228CF80E-31FE-4804-AD39-D3A47557C0FE}
		{9FB53493-C805-4C66-B67D-EB8A0E682349} = {228CF80E-31FE-4804-AD39-D3A47557C0FE}
		{C9DC329E-B4ED-48EC-9226-7A588613146E} = {228CF80E-31FE-4804-AD39-D3A47557C0FE}
		{51143FB5-1C1A-4C84-8757-1AAA25B2BD3D} = {C9DC329E-B4ED-48EC-9226-7A588613146E}
		{3080B028-1C0E-4422-99C6-4F43329E511F} = {228CF80E-31FE-4804-AD39-D3A47557C0FE}
		{B9501A8F-C9CB-4745-AC34-560736E68DCA} = {228CF80E-31FE-4804-AD39-D3A47557C0FE}
		{0D0B7DF9-61CB-4628-AD31-3192AE6512A1} = {228CF80E-31FE-4804-AD39-D3A47557C0FE}
		{4554C528-60CF-4EB0-84B2-E7F6C1FB0702} = {228CF80E-31FE-4804-AD39-D3A47557C0FE}
		{C391416B-5CA9-41A9-B11B-5F33D5BF1B0A} = {C9DC329E-B4ED-48EC-9226-7A588613146E}
		{5F428F2E-466A-4FC4-B92F-3904DCF5464E} = {C9DC329E-B4ED-48EC-9226-7A588613146E}
		{1361061C-3993-45F8-90D3-6742FAD195FB} = {C9DC329E-B4ED-48EC-9226-7A588613146E}
		{45B16154-4C18-4DA5-9F06-B6783DA5AE2D} = {C9DC329E-B4ED-48EC-9226-7A588613146E}
		{738F5A9C-7583-4641-A7D5-F1BA5AA62A54} = {C9DC329E-B4ED-48EC-9226-7A588613146E}
		{13943B61-E4A6-482F-B03E-7CF5A7361186} = {C9DC329E-B4ED-48EC-9226-7A588613146E}
		{B3E8736A-737F-40E4-A44E-2B28207689D2} = {C9DC329E-B4ED-48EC-9226-7A588613146E}
		{EE183079-DA13-4D09-94F8-93F0BA530A30} = {C9DC329E-B4ED-48EC-9226-7A588613146E}
		{9E631777-A431-4A94-A10E-437E041959BC} = {C9DC329E-B4ED-48EC-9226-7A588613146E}
		{A7F58D60-C3B0-4A72-BBC7-0EB9459A7E99} = {C9DC329E-B4ED-48EC-9226-7A588613146E}
		{13C32E42-8449-4220-A265-46D555C5D07E} = {C9DC329E-B4ED-48EC-9226-7A588613146E}
		{A8BFB6A4-B797-4478-837D-35DAA9A45400} = {C9DC329E-B4ED-48EC-9226-7A588613146E}
		{833E1330-6F26-40BC-8BC8-684C85668F27} = {C9DC329E-B4ED-48EC-9226-7A588613146E}
		{389E6665-D387-4C3B-9067-26CEBEA71902} = {C9DC329E-B4ED-48EC-9226-7A588613146E}
		{D16A6D80-DAAC-4A7C-9C8E-32B97A89E5E8} = {C9DC329E-B4ED-48EC-9226-7A588613146E}
		{94412346-4E70-40F3-9A3D-FE1619E65F5F} = {C9DC329E-B4ED-48EC-9226-7A588613146E}
		{DE89D0B1-78EF-48BC-9766-D68745072386} = {C9DC329E-B4ED-48EC-9226-7A588613146E}
		{34E4B399-3137-48D6-B146-51532FA8C1A3} = {228CF80E-31FE-4804-AD39-D3A47557C0FE}
		{22FDC04B-80D4-4CD1-B9AC-43C653EA7B6B} = {228CF80E-31FE-4804-AD39-D3A47557C0FE}
		{6ADB684E-D437-44A6-B6F0-B0211A5014DA} = {C9DC329E-B4ED-48EC-9226-7A588613146E}
	EndGlobalSection
	GlobalSection(ExtensibilityGlobals) = postSolution
		SolutionGuid = {CFEC1259-84FC-4071-BD58-ED14DFDE13F2}
	EndGlobalSection
EndGlobal
